{
	"name": "@scoped/react-alert",
	"version": "0.0.2",
	"lockfileVersion": 1,
	"requires": true,
	"dependencies": {
		"react": {
			"version": "npm:@pika/react@16.12.2",
			"resolved": "http://localhost:4873/@pika%2freact/-/react-16.12.2.tgz",
			"integrity": "sha512-7fbBjVRsCfrK1JAzRI2AlbdGbA3G/CN+8xpGliJyi4tTp5XunV+JBdjMjSa4MggtSqckEpUOckmfiUGIQvGHDA=="
		},
		"react-dom": {
			"version": "npm:@pika/react-dom@16.12.2",
			"resolved": "http://localhost:4873/@pika%2freact-dom/-/react-dom-16.12.2.tgz",
			"integrity": "sha512-K3gpXxKvw7E3w8g7l+V/E4EPsgb59Ujk2K21PLt4SqBFd4luqmO0DTUI7UtYq9+PV3rLLeSukzAs6KADoTqlcQ=="
		}
	}
}
